
Microsoft Visual Studio Solution File, Format Version 12.00
# Visual Studio Version 16
VisualStudioVersion = 16.0.30711.63
MinimumVisualStudioVersion = 10.0.40219.1
Project("{9A19103F-16F7-4668-BE54-9A1E7A4F7556}") = "NotasWebAPI", "NotasWebAPI.csproj", "{B30ADC0F-DDC4-4218-81BB-06B0FF749B60}"
EndProject
Project("{FAE04EC0-301F-11D3-BF4B-00C04F79EFBC}") = "NotasAPITest", "..\NotasAPITest\NotasAPITest.csproj", "{E7E1EA9C-5FA1-4D28-BC4C-066EED9B42DE}"
EndProject
Global
	GlobalSection(SolutionConfigurationPlatforms) = preSolution
		Debug|Any CPU = Debug|Any CPU
		Release|Any CPU = Release|Any CPU
	EndGlobalSection
	GlobalSection(ProjectConfigurationPlatforms) = postSolution
		{B30ADC0F-DDC4-4218-81BB-06B0FF749B60}.Debug|Any CPU.ActiveCfg = Debug|Any CPU
		{B30ADC0F-DDC4-4218-81BB-06B0FF749B60}.Debug|Any CPU.Build.0 = Debug|Any CPU
		{B30ADC0F-DDC4-4218-81BB-06B0FF749B60}.Release|Any CPU.ActiveCfg = Release|Any CPU
		{B30ADC0F-DDC4-4218-81BB-06B0FF749B60}.Release|Any CPU.Build.0 = Release|Any CPU
		{E7E1EA9C-5FA1-4D28-BC4C-066EED9B42DE}.Debug|Any CPU.ActiveCfg = Debug|Any CPU
		{E7E1EA9C-5FA1-4D28-BC4C-066EED9B42DE}.Debug|Any CPU.Build.0 = Debug|Any CPU
		{E7E1EA9C-5FA1-4D28-BC4C-066EED9B42DE}.Release|Any CPU.ActiveCfg = Release|Any CPU
		{E7E1EA9C-5FA1-4D28-BC4C-066EED9B42DE}.Release|Any CPU.Build.0 = Release|Any CPU
	EndGlobalSection
	GlobalSection(SolutionProperties) = preSolution
		HideSolutionNode = FALSE
	EndGlobalSection
	GlobalSection(ExtensibilityGlobals) = postSolution
		SolutionGuid = {99126BD8-99E6-427E-AA8E-CD389E29DD7F}
	EndGlobalSection
EndGlobal
